
Microsoft Visual Studio Solution File, Format Version 12.00
# Visual Studio Version 17
VisualStudioVersion = 17.4.33213.308
MinimumVisualStudioVersion = 10.0.40219.1
Project("{FAE04EC0-301F-11D3-BF4B-00C04F79EFBC}") = "AozoraEditor", "AozoraEditor\AozoraEditor.csproj", "{DF2B8B32-0F77-47A0-B3F8-DAA43765B6A7}"
EndProject
Project("{9A19103F-16F7-4668-BE54-9A1E7A4F7556}") = "AozoraGaijiChuki", "..\..\AozoraGaijiChukiXml\lib\dotnet\AozoraGaijiChuki\AozoraGaijiChuki.csproj", "{B41D8036-0EAC-49C2-A05B-22155C47FE9D}"
EndProject
Project("{9A19103F-16F7-4668-BE54-9A1E7A4F7556}") = "aozora2html", "..\..\aozora2htmlSharp\aozora2html\aozora2html\aozora2html.csproj", "{CF43DAAB-1439-458E-970C-A7F131F46D29}"
EndProject
Global
	GlobalSection(SolutionConfigurationPlatforms) = preSolution
		Debug|Any CPU = Debug|Any CPU
		Release|Any CPU = Release|Any CPU
	EndGlobalSection
	GlobalSection(ProjectConfigurationPlatforms) = postSolution
		{DF2B8B32-0F77-47A0-B3F8-DAA43765B6A7}.Debug|Any CPU.ActiveCfg = Debug|Any CPU
		{DF2B8B32-0F77-47A0-B3F8-DAA43765B6A7}.Debug|Any CPU.Build.0 = Debug|Any CPU
		{DF2B8B32-0F77-47A0-B3F8-DAA43765B6A7}.Release|Any CPU.ActiveCfg = Release|Any CPU
		{DF2B8B32-0F77-47A0-B3F8-DAA43765B6A7}.Release|Any CPU.Build.0 = Release|Any CPU
		{B41D8036-0EAC-49C2-A05B-22155C47FE9D}.Debug|Any CPU.ActiveCfg = Debug|Any CPU
		{B41D8036-0EAC-49C2-A05B-22155C47FE9D}.Debug|Any CPU.Build.0 = Debug|Any CPU
		{B41D8036-0EAC-49C2-A05B-22155C47FE9D}.Release|Any CPU.ActiveCfg = Release|Any CPU
		{B41D8036-0EAC-49C2-A05B-22155C47FE9D}.Release|Any CPU.Build.0 = Release|Any CPU
		{CF43DAAB-1439-458E-970C-A7F131F46D29}.Debug|Any CPU.ActiveCfg = Debug|Any CPU
		{CF43DAAB-1439-458E-970C-A7F131F46D29}.Debug|Any CPU.Build.0 = Debug|Any CPU
		{CF43DAAB-1439-458E-970C-A7F131F46D29}.Release|Any CPU.ActiveCfg = Release|Any CPU
		{CF43DAAB-1439-458E-970C-A7F131F46D29}.Release|Any CPU.Build.0 = Release|Any CPU
	EndGlobalSection
	GlobalSection(SolutionProperties) = preSolution
		HideSolutionNode = FALSE
	EndGlobalSection
	GlobalSection(ExtensibilityGlobals) = postSolution
		SolutionGuid = {E1CBCE2D-45D6-4FD4-B763-C4C6DAF06CDF}
	EndGlobalSection
EndGlobal
