
Microsoft Visual Studio Solution File, Format Version 12.00
# Visual Studio Version 17
VisualStudioVersion = 17.4.33213.308
MinimumVisualStudioVersion = 10.0.40219.1
Project("{FAE04EC0-301F-11D3-BF4B-00C04F79EFBC}") = "JSONTest", "JSONTest\JSONTest.csproj", "{80600A7C-EE75-45A3-998F-5DDB3815A986}"
EndProject
Global
	GlobalSection(SolutionConfigurationPlatforms) = preSolution
		Debug|Any CPU = Debug|Any CPU
		Release|Any CPU = Release|Any CPU
	EndGlobalSection
	GlobalSection(ProjectConfigurationPlatforms) = postSolution
		{80600A7C-EE75-45A3-998F-5DDB3815A986}.Debug|Any CPU.ActiveCfg = Debug|Any CPU
		{80600A7C-EE75-45A3-998F-5DDB3815A986}.Debug|Any CPU.Build.0 = Debug|Any CPU
		{80600A7C-EE75-45A3-998F-5DDB3815A986}.Release|Any CPU.ActiveCfg = Release|Any CPU
		{80600A7C-EE75-45A3-998F-5DDB3815A986}.Release|Any CPU.Build.0 = Release|Any CPU
	EndGlobalSection
	GlobalSection(SolutionProperties) = preSolution
		HideSolutionNode = FALSE
	EndGlobalSection
	GlobalSection(ExtensibilityGlobals) = postSolution
		SolutionGuid = {C0AAE7EF-2EED-4D43-B9CC-8A7A85AD04CE}
	EndGlobalSection
EndGlobal
